
Microsoft Visual Studio Solution File, Format Version 12.00
# Visual Studio Version 17
VisualStudioVersion = 17.7.34003.232
MinimumVisualStudioVersion = 10.0.40219.1
Project("{FAE04EC0-301F-11D3-BF4B-00C04F79EFBC}") = "RockPaperScissors", "RockPaperScissors\RockPaperScissors.csproj", "{678D2810-6950-41F0-BB8F-4DD59B340B80}"
EndProject
Global
	GlobalSection(SolutionConfigurationPlatforms) = preSolution
		Debug|Any CPU = Debug|Any CPU
		Release|Any CPU = Release|Any CPU
	EndGlobalSection
	GlobalSection(ProjectConfigurationPlatforms) = postSolution
		{678D2810-6950-41F0-BB8F-4DD59B340B80}.Debug|Any CPU.ActiveCfg = Debug|Any CPU
		{678D2810-6950-41F0-BB8F-4DD59B340B80}.Debug|Any CPU.Build.0 = Debug|Any CPU
		{678D2810-6950-41F0-BB8F-4DD59B340B80}.Release|Any CPU.ActiveCfg = Release|Any CPU
		{678D2810-6950-41F0-BB8F-4DD59B340B80}.Release|Any CPU.Build.0 = Release|Any CPU
	EndGlobalSection
	GlobalSection(SolutionProperties) = preSolution
		HideSolutionNode = FALSE
	EndGlobalSection
	GlobalSection(ExtensibilityGlobals) = postSolution
		SolutionGuid = {B9B881D4-676B-4299-B002-C22238D18837}
	EndGlobalSection
EndGlobal
